
Microsoft Visual Studio Solution File, Format Version 12.00
# Visual Studio Version 17
VisualStudioVersion = 17.3.32929.385
MinimumVisualStudioVersion = 10.0.40219.1
Project("{FAE04EC0-301F-11D3-BF4B-00C04F79EFBC}") = "WarriorGame", "WarriorGame\WarriorGame.csproj", "{A23AD242-3C72-48B6-BFEB-DBCF6EFEBD41}"
EndProject
Global
	GlobalSection(SolutionConfigurationPlatforms) = preSolution
		Debug|Any CPU = Debug|Any CPU
		Release|Any CPU = Release|Any CPU
	EndGlobalSection
	GlobalSection(ProjectConfigurationPlatforms) = postSolution
		{A23AD242-3C72-48B6-BFEB-DBCF6EFEBD41}.Debug|Any CPU.ActiveCfg = Debug|Any CPU
		{A23AD242-3C72-48B6-BFEB-DBCF6EFEBD41}.Debug|Any CPU.Build.0 = Debug|Any CPU
		{A23AD242-3C72-48B6-BFEB-DBCF6EFEBD41}.Release|Any CPU.ActiveCfg = Release|Any CPU
		{A23AD242-3C72-48B6-BFEB-DBCF6EFEBD41}.Release|Any CPU.Build.0 = Release|Any CPU
	EndGlobalSection
	GlobalSection(SolutionProperties) = preSolution
		HideSolutionNode = FALSE
	EndGlobalSection
	GlobalSection(ExtensibilityGlobals) = postSolution
		SolutionGuid = {946E184F-C043-484D-B8ED-C4841D429A02}
	EndGlobalSection
EndGlobal
